
Microsoft Visual Studio Solution File, Format Version 12.00
# Visual Studio 15
Project("{FAE04EC0-301F-11D3-BF4B-00C04F79EFBC}") = "Microsoft.MixedReality.Toolkit.SDK", "Microsoft.MixedReality.Toolkit.SDK.csproj", "{72ED4B1B-924D-CF78-8EC7-E1D3773DB636}"
EndProject
Project("{FAE04EC0-301F-11D3-BF4B-00C04F79EFBC}") = "Microsoft.MixedReality.Toolkit.Providers.OpenVR", "Microsoft.MixedReality.Toolkit.Providers.OpenVR.csproj", "{213A885D-4581-50DF-8C32-BD03BB90478A}"
EndProject
Project("{FAE04EC0-301F-11D3-BF4B-00C04F79EFBC}") = "Microsoft.MixedReality.Toolkit.Examples", "Microsoft.MixedReality.Toolkit.Examples.csproj", "{F38F76A7-6E74-D69A-FBA1-30CAA03F9D88}"
EndProject
Project("{FAE04EC0-301F-11D3-BF4B-00C04F79EFBC}") = "Microsoft.MixedReality.Toolkit", "Microsoft.MixedReality.Toolkit.csproj", "{49899F0A-6ED8-7B4F-B705-148E90F27E20}"
EndProject
Project("{FAE04EC0-301F-11D3-BF4B-00C04F79EFBC}") = "Microsoft.MixedReality.Toolkit.Services.SpatialAwarenessSystem", "Microsoft.MixedReality.Toolkit.Services.SpatialAwarenessSystem.csproj", "{AD91789A-1C43-C6B9-7BD9-1CD640005DE1}"
EndProject
Project("{FAE04EC0-301F-11D3-BF4B-00C04F79EFBC}") = "Microsoft.MixedReality.Toolkit.Gltf", "Microsoft.MixedReality.Toolkit.Gltf.csproj", "{D30C8FAD-ECD6-B7BF-7C24-9966A51DD092}"
EndProject
Project("{FAE04EC0-301F-11D3-BF4B-00C04F79EFBC}") = "Microsoft.MixedReality.Toolkit.Services.SceneSystem", "Microsoft.MixedReality.Toolkit.Services.SceneSystem.csproj", "{6303323F-81B5-12C9-EB21-E0206EBFF9A2}"
EndProject
Project("{FAE04EC0-301F-11D3-BF4B-00C04F79EFBC}") = "Microsoft.MixedReality.Toolkit.Services.InputSystem", "Microsoft.MixedReality.Toolkit.Services.InputSystem.csproj", "{4A45152F-54AA-449E-0492-C3A9F13D6310}"
EndProject
Project("{FAE04EC0-301F-11D3-BF4B-00C04F79EFBC}") = "Assembly-CSharp", "Assembly-CSharp.csproj", "{F0456E75-052C-9CD3-6BC6-CFAAF149D18B}"
EndProject
Project("{FAE04EC0-301F-11D3-BF4B-00C04F79EFBC}") = "Microsoft.MixedReality.Toolkit.Services.InputSimulation", "Microsoft.MixedReality.Toolkit.Services.InputSimulation.csproj", "{D98BB6BC-A252-9C3A-8AED-08908272EA4E}"
EndProject
Project("{FAE04EC0-301F-11D3-BF4B-00C04F79EFBC}") = "Microsoft.MixedReality.Toolkit.Services.InputAnimation", "Microsoft.MixedReality.Toolkit.Services.InputAnimation.csproj", "{BAAE2CD9-50B4-BD9B-D075-1E5312CDF5CA}"
EndProject
Project("{FAE04EC0-301F-11D3-BF4B-00C04F79EFBC}") = "Microsoft.MixedReality.Toolkit.Services.DiagnosticsSystem", "Microsoft.MixedReality.Toolkit.Services.DiagnosticsSystem.csproj", "{561C549F-3DEB-B2C5-6F2F-E6BF5D5AEB8B}"
EndProject
Project("{FAE04EC0-301F-11D3-BF4B-00C04F79EFBC}") = "Microsoft.MixedReality.Toolkit.Demos.InspectorFields", "Microsoft.MixedReality.Toolkit.Demos.InspectorFields.csproj", "{D37FCE51-299D-E5DD-2631-7E44F1F07B06}"
EndProject
Project("{FAE04EC0-301F-11D3-BF4B-00C04F79EFBC}") = "Microsoft.MixedReality.Toolkit.Async", "Microsoft.MixedReality.Toolkit.Async.csproj", "{B5C683DC-C1F1-F9D0-6050-7AF7D0E50551}"
EndProject
Project("{FAE04EC0-301F-11D3-BF4B-00C04F79EFBC}") = "Microsoft.MixedReality.Toolkit.Providers.WindowsMixedReality", "Microsoft.MixedReality.Toolkit.Providers.WindowsMixedReality.csproj", "{8727DAF9-2D2B-B832-6467-7B183E72DCD8}"
EndProject
Project("{FAE04EC0-301F-11D3-BF4B-00C04F79EFBC}") = "Microsoft.MixedReality.Toolkit.Demos.Gltf", "Microsoft.MixedReality.Toolkit.Demos.Gltf.csproj", "{E20CD21F-6966-204E-E218-731BE7228AB9}"
EndProject
Project("{FAE04EC0-301F-11D3-BF4B-00C04F79EFBC}") = "Microsoft.MixedReality.Toolkit.Providers.WindowsVoiceInput", "Microsoft.MixedReality.Toolkit.Providers.WindowsVoiceInput.csproj", "{000193B4-4431-94C4-C3D1-7810B00C06C6}"
EndProject
Project("{FAE04EC0-301F-11D3-BF4B-00C04F79EFBC}") = "Microsoft.MixedReality.Toolkit.Services.TeleportSystem", "Microsoft.MixedReality.Toolkit.Services.TeleportSystem.csproj", "{04FB97F7-398E-B66A-310A-A6C22D8D40D6}"
EndProject
Project("{FAE04EC0-301F-11D3-BF4B-00C04F79EFBC}") = "Microsoft.MixedReality.Toolkit.Services.CameraSystem", "Microsoft.MixedReality.Toolkit.Services.CameraSystem.csproj", "{F48B0F83-799E-598A-4E5F-23B747D28C84}"
EndProject
Project("{FAE04EC0-301F-11D3-BF4B-00C04F79EFBC}") = "Microsoft.MixedReality.Toolkit.Tools.Runtime", "Microsoft.MixedReality.Toolkit.Tools.Runtime.csproj", "{20995D52-D98A-2C0F-8247-76B37D7B1DE1}"
EndProject
Project("{FAE04EC0-301F-11D3-BF4B-00C04F79EFBC}") = "Microsoft.MixedReality.Toolkit.Services.BoundarySystem", "Microsoft.MixedReality.Toolkit.Services.BoundarySystem.csproj", "{DB8539DF-03AB-29DE-7724-9E056290E832}"
EndProject
Project("{FAE04EC0-301F-11D3-BF4B-00C04F79EFBC}") = "Microsoft.MixedReality.Toolkit.Demos.UX.Interactables", "Microsoft.MixedReality.Toolkit.Demos.UX.Interactables.csproj", "{F3EC2BA1-B59C-09B8-62F0-ADB880FF083D}"
EndProject
Project("{FAE04EC0-301F-11D3-BF4B-00C04F79EFBC}") = "Microsoft.MixedReality.Toolkit.SDK.Inspectors", "Microsoft.MixedReality.Toolkit.SDK.Inspectors.csproj", "{1091D5B0-DC06-79AB-F6E7-B8DBD412F560}"
EndProject
Project("{FAE04EC0-301F-11D3-BF4B-00C04F79EFBC}") = "Microsoft.MixedReality.Toolkit.Editor.Inspectors", "Microsoft.MixedReality.Toolkit.Editor.Inspectors.csproj", "{7451A564-469F-E27E-C781-11316E769C71}"
EndProject
Project("{FAE04EC0-301F-11D3-BF4B-00C04F79EFBC}") = "Microsoft.MixedReality.Toolkit.Editor.ServiceInspectors", "Microsoft.MixedReality.Toolkit.Editor.ServiceInspectors.csproj", "{9487F4FF-B603-BDC8-241F-D1D91C16FF80}"
EndProject
Project("{FAE04EC0-301F-11D3-BF4B-00C04F79EFBC}") = "Microsoft.MixedReality.Toolkit.MSBuild", "Microsoft.MixedReality.Toolkit.MSBuild.csproj", "{42CD8179-A419-AC43-A021-E01CCD3D4755}"
EndProject
Project("{FAE04EC0-301F-11D3-BF4B-00C04F79EFBC}") = "Microsoft.MixedReality.Toolkit.Demos.InspectorFields.Inspectors", "Microsoft.MixedReality.Toolkit.Demos.InspectorFields.Inspectors.csproj", "{81C3FB2E-865F-A6C2-2E17-B7964C3B1B32}"
EndProject
Project("{FAE04EC0-301F-11D3-BF4B-00C04F79EFBC}") = "Microsoft.MixedReality.Toolkit.Editor.Utilities", "Microsoft.MixedReality.Toolkit.Editor.Utilities.csproj", "{D03FFC0A-28FB-0C81-CADB-0FF038D40BD0}"
EndProject
Project("{FAE04EC0-301F-11D3-BF4B-00C04F79EFBC}") = "Microsoft.MixedReality.Toolkit.Tools", "Microsoft.MixedReality.Toolkit.Tools.csproj", "{252DD624-EA17-81FF-3539-40C0AD27CB4C}"
EndProject
Project("{FAE04EC0-301F-11D3-BF4B-00C04F79EFBC}") = "Microsoft.MixedReality.Toolkit.Providers.ObjectMeshObserver", "Microsoft.MixedReality.Toolkit.Providers.ObjectMeshObserver.csproj", "{29CE9831-B44F-E3F3-8DF8-1102324C86DE}"
EndProject
Project("{FAE04EC0-301F-11D3-BF4B-00C04F79EFBC}") = "Microsoft.MixedReality.Toolkit.Editor.ClassExtensions", "Microsoft.MixedReality.Toolkit.Editor.ClassExtensions.csproj", "{2A2E6C7F-557D-7F46-3C19-FC275A5D1FC9}"
EndProject
Project("{FAE04EC0-301F-11D3-BF4B-00C04F79EFBC}") = "Microsoft.MixedReality.Toolkit.Gltf.Importers", "Microsoft.MixedReality.Toolkit.Gltf.Importers.csproj", "{BE1209F9-E183-62E8-DCA0-5B938B4D1D6C}"
EndProject
Project("{FAE04EC0-301F-11D3-BF4B-00C04F79EFBC}") = "Microsoft.MixedReality.Toolkit.Editor.BuildAndDeploy", "Microsoft.MixedReality.Toolkit.Editor.BuildAndDeploy.csproj", "{06316002-1D77-E988-9CBD-016E449A649E}"
EndProject
Project("{FAE04EC0-301F-11D3-BF4B-00C04F79EFBC}") = "Microsoft.MixedReality.Toolkit.Services.InputSimulation.Editor", "Microsoft.MixedReality.Toolkit.Services.InputSimulation.Editor.csproj", "{245973B9-2FFF-5DD9-4B53-482E438247D0}"
EndProject
Project("{FAE04EC0-301F-11D3-BF4B-00C04F79EFBC}") = "Microsoft.MixedReality.Toolkit.Examples.Editor.Inspectors", "Microsoft.MixedReality.Toolkit.Examples.Editor.Inspectors.csproj", "{168F29BE-9812-51FB-B2A6-661861DFE5E3}"
EndProject
Project("{FAE04EC0-301F-11D3-BF4B-00C04F79EFBC}") = "Microsoft.MixedReality.Toolkit.Demos.StandardShader.Inspectors", "Microsoft.MixedReality.Toolkit.Demos.StandardShader.Inspectors.csproj", "{B98ADAB9-ADCA-FEED-DBFE-B8A231E2887E}"
EndProject
Project("{FAE04EC0-301F-11D3-BF4B-00C04F79EFBC}") = "Microsoft.MixedReality.Toolkit.Services.InputSystem.Editor", "Microsoft.MixedReality.Toolkit.Services.InputSystem.Editor.csproj", "{179937EC-E66C-9B31-0A0B-F90478BCEB1F}"
EndProject
Project("{FAE04EC0-301F-11D3-BF4B-00C04F79EFBC}") = "Microsoft.MixedReality.Toolkit.Demos.Gltf.Inspectors", "Microsoft.MixedReality.Toolkit.Demos.Gltf.Inspectors.csproj", "{0BCB4CB8-E769-83AD-60B3-96C76E77ED9D}"
EndProject
Project("{FAE04EC0-301F-11D3-BF4B-00C04F79EFBC}") = "Microsoft.MixedReality.Toolkit.Examples.Player", "Microsoft.MixedReality.Toolkit.Examples.Player.csproj", "{00A402B2-92CC-B026-7261-3E1E45D0DAF8}"
EndProject
Project("{FAE04EC0-301F-11D3-BF4B-00C04F79EFBC}") = "Microsoft.MixedReality.Toolkit.Player", "Microsoft.MixedReality.Toolkit.Player.csproj", "{727B8E52-3D66-AE7B-BD38-F9D8FD88DD56}"
EndProject
Project("{FAE04EC0-301F-11D3-BF4B-00C04F79EFBC}") = "Microsoft.MixedReality.Toolkit.Services.SpatialAwarenessSystem.Player", "Microsoft.MixedReality.Toolkit.Services.SpatialAwarenessSystem.Player.csproj", "{BA2FB561-2A3F-E7AB-3761-5B90784852F5}"
EndProject
Project("{FAE04EC0-301F-11D3-BF4B-00C04F79EFBC}") = "Unity.TextMeshPro.Player", "Unity.TextMeshPro.Player.csproj", "{F1CA471D-22AC-18A9-132D-9C670FF66678}"
EndProject
Project("{FAE04EC0-301F-11D3-BF4B-00C04F79EFBC}") = "Microsoft.MixedReality.Toolkit.Gltf.Player", "Microsoft.MixedReality.Toolkit.Gltf.Player.csproj", "{C05B3382-221F-81EE-D922-1D4566EE5271}"
EndProject
Project("{FAE04EC0-301F-11D3-BF4B-00C04F79EFBC}") = "Microsoft.MixedReality.Toolkit.Services.SceneSystem.Player", "Microsoft.MixedReality.Toolkit.Services.SceneSystem.Player.csproj", "{811FDE3E-F9F4-7C15-A875-F2B2FCD75F42}"
EndProject
Project("{FAE04EC0-301F-11D3-BF4B-00C04F79EFBC}") = "Unity.Analytics.DataPrivacy.Player", "Unity.Analytics.DataPrivacy.Player.csproj", "{42411805-2A76-B786-50D5-240EEE2DE49C}"
EndProject
Project("{FAE04EC0-301F-11D3-BF4B-00C04F79EFBC}") = "Microsoft.MixedReality.Toolkit.Services.InputSystem.Player", "Microsoft.MixedReality.Toolkit.Services.InputSystem.Player.csproj", "{1D02E31F-51C1-523C-5B60-68B5D4D47551}"
EndProject
Project("{FAE04EC0-301F-11D3-BF4B-00C04F79EFBC}") = "Assembly-CSharp.Player", "Assembly-CSharp.Player.csproj", "{37CDCF3F-0389-B63F-5625-A1C74B87B5B7}"
EndProject
Project("{FAE04EC0-301F-11D3-BF4B-00C04F79EFBC}") = "Microsoft.MixedReality.Toolkit.Services.InputSimulation.Player", "Microsoft.MixedReality.Toolkit.Services.InputSimulation.Player.csproj", "{D35AB74B-780F-6F44-D4E3-4223C8C8DC8D}"
EndProject
Project("{FAE04EC0-301F-11D3-BF4B-00C04F79EFBC}") = "Microsoft.MixedReality.Toolkit.Services.InputAnimation.Player", "Microsoft.MixedReality.Toolkit.Services.InputAnimation.Player.csproj", "{466C101C-775C-9DA1-FFE6-1FC7E8A31A1B}"
EndProject
Project("{FAE04EC0-301F-11D3-BF4B-00C04F79EFBC}") = "Unity.XR.WindowsMR.Player", "Unity.XR.WindowsMR.Player.csproj", "{83F5DC8B-F4E3-DE24-5B63-E900B5A94812}"
EndProject
Project("{FAE04EC0-301F-11D3-BF4B-00C04F79EFBC}") = "Microsoft.MixedReality.Toolkit.Services.DiagnosticsSystem.Player", "Microsoft.MixedReality.Toolkit.Services.DiagnosticsSystem.Player.csproj", "{D90CE579-1DB1-9FC7-8189-451F996ACB27}"
EndProject
Project("{FAE04EC0-301F-11D3-BF4B-00C04F79EFBC}") = "Microsoft.MixedReality.Toolkit.Demos.InspectorFields.Player", "Microsoft.MixedReality.Toolkit.Demos.InspectorFields.Player.csproj", "{AC63EBE7-128E-FD30-C475-A0A0498AB1A9}"
EndProject
Project("{FAE04EC0-301F-11D3-BF4B-00C04F79EFBC}") = "Microsoft.MixedReality.Toolkit.Async.Player", "Microsoft.MixedReality.Toolkit.Async.Player.csproj", "{71A7BF34-8E17-F8AA-87FB-7C40B7890803}"
EndProject
Project("{FAE04EC0-301F-11D3-BF4B-00C04F79EFBC}") = "Microsoft.MixedReality.Toolkit.Providers.WindowsMixedReality.Player", "Microsoft.MixedReality.Toolkit.Providers.WindowsMixedReality.Player.csproj", "{CB6607B2-6A1E-E789-F581-855AD50EA17B}"
EndProject
Project("{FAE04EC0-301F-11D3-BF4B-00C04F79EFBC}") = "Microsoft.MixedReality.Toolkit.Demos.Gltf.Player", "Microsoft.MixedReality.Toolkit.Demos.Gltf.Player.csproj", "{53C2C953-EA73-B813-FA30-4100A2DD3117}"
EndProject
Project("{FAE04EC0-301F-11D3-BF4B-00C04F79EFBC}") = "Microsoft.MixedReality.Toolkit.Providers.WindowsVoiceInput.Player", "Microsoft.MixedReality.Toolkit.Providers.WindowsVoiceInput.Player.csproj", "{F2BCBB74-6AC0-BB8F-3C3A-0A17D53927D9}"
EndProject
Project("{FAE04EC0-301F-11D3-BF4B-00C04F79EFBC}") = "Microsoft.MixedReality.Toolkit.Services.TeleportSystem.Player", "Microsoft.MixedReality.Toolkit.Services.TeleportSystem.Player.csproj", "{09B7D19C-D603-94A7-6511-2970C3BE8708}"
EndProject
Project("{FAE04EC0-301F-11D3-BF4B-00C04F79EFBC}") = "Microsoft.MixedReality.Toolkit.Services.CameraSystem.Player", "Microsoft.MixedReality.Toolkit.Services.CameraSystem.Player.csproj", "{E85408AB-BD06-3393-EA13-9BB291B52A4D}"
EndProject
Project("{FAE04EC0-301F-11D3-BF4B-00C04F79EFBC}") = "Microsoft.MixedReality.Toolkit.Tools.Runtime.Player", "Microsoft.MixedReality.Toolkit.Tools.Runtime.Player.csproj", "{14F0111B-7DB4-2205-11DB-540A9D06149F}"
EndProject
Project("{FAE04EC0-301F-11D3-BF4B-00C04F79EFBC}") = "Microsoft.MixedReality.Toolkit.Services.BoundarySystem.Player", "Microsoft.MixedReality.Toolkit.Services.BoundarySystem.Player.csproj", "{553B34A8-321C-F187-21A8-61C2784BE429}"
EndProject
Project("{FAE04EC0-301F-11D3-BF4B-00C04F79EFBC}") = "Microsoft.MixedReality.Toolkit.Demos.UX.Interactables.Player", "Microsoft.MixedReality.Toolkit.Demos.UX.Interactables.Player.csproj", "{AE770AE1-4D7A-3220-1624-FD76E7F2B773}"
EndProject
Global
	GlobalSection(SolutionConfigurationPlatforms) = preSolution
		Debug|Any CPU = Debug|Any CPU
		Release|Any CPU = Release|Any CPU
	EndGlobalSection
	GlobalSection(ProjectConfigurationPlatforms) = postSolution
		{72ED4B1B-924D-CF78-8EC7-E1D3773DB636}.Debug|Any CPU.ActiveCfg = Debug|Any CPU
		{72ED4B1B-924D-CF78-8EC7-E1D3773DB636}.Debug|Any CPU.Build.0 = Debug|Any CPU
		{72ED4B1B-924D-CF78-8EC7-E1D3773DB636}.Release|Any CPU.ActiveCfg = Release|Any CPU
		{72ED4B1B-924D-CF78-8EC7-E1D3773DB636}.Release|Any CPU.Build.0 = Release|Any CPU
		{213A885D-4581-50DF-8C32-BD03BB90478A}.Debug|Any CPU.ActiveCfg = Debug|Any CPU
		{213A885D-4581-50DF-8C32-BD03BB90478A}.Debug|Any CPU.Build.0 = Debug|Any CPU
		{213A885D-4581-50DF-8C32-BD03BB90478A}.Release|Any CPU.ActiveCfg = Release|Any CPU
		{213A885D-4581-50DF-8C32-BD03BB90478A}.Release|Any CPU.Build.0 = Release|Any CPU
		{F38F76A7-6E74-D69A-FBA1-30CAA03F9D88}.Debug|Any CPU.ActiveCfg = Debug|Any CPU
		{F38F76A7-6E74-D69A-FBA1-30CAA03F9D88}.Debug|Any CPU.Build.0 = Debug|Any CPU
		{F38F76A7-6E74-D69A-FBA1-30CAA03F9D88}.Release|Any CPU.ActiveCfg = Release|Any CPU
		{F38F76A7-6E74-D69A-FBA1-30CAA03F9D88}.Release|Any CPU.Build.0 = Release|Any CPU
		{49899F0A-6ED8-7B4F-B705-148E90F27E20}.Debug|Any CPU.ActiveCfg = Debug|Any CPU
		{49899F0A-6ED8-7B4F-B705-148E90F27E20}.Debug|Any CPU.Build.0 = Debug|Any CPU
		{49899F0A-6ED8-7B4F-B705-148E90F27E20}.Release|Any CPU.ActiveCfg = Release|Any CPU
		{49899F0A-6ED8-7B4F-B705-148E90F27E20}.Release|Any CPU.Build.0 = Release|Any CPU
		{AD91789A-1C43-C6B9-7BD9-1CD640005DE1}.Debug|Any CPU.ActiveCfg = Debug|Any CPU
		{AD91789A-1C43-C6B9-7BD9-1CD640005DE1}.Debug|Any CPU.Build.0 = Debug|Any CPU
		{AD91789A-1C43-C6B9-7BD9-1CD640005DE1}.Release|Any CPU.ActiveCfg = Release|Any CPU
		{AD91789A-1C43-C6B9-7BD9-1CD640005DE1}.Release|Any CPU.Build.0 = Release|Any CPU
		{D30C8FAD-ECD6-B7BF-7C24-9966A51DD092}.Debug|Any CPU.ActiveCfg = Debug|Any CPU
		{D30C8FAD-ECD6-B7BF-7C24-9966A51DD092}.Debug|Any CPU.Build.0 = Debug|Any CPU
		{D30C8FAD-ECD6-B7BF-7C24-9966A51DD092}.Release|Any CPU.ActiveCfg = Release|Any CPU
		{D30C8FAD-ECD6-B7BF-7C24-9966A51DD092}.Release|Any CPU.Build.0 = Release|Any CPU
		{6303323F-81B5-12C9-EB21-E0206EBFF9A2}.Debug|Any CPU.ActiveCfg = Debug|Any CPU
		{6303323F-81B5-12C9-EB21-E0206EBFF9A2}.Debug|Any CPU.Build.0 = Debug|Any CPU
		{6303323F-81B5-12C9-EB21-E0206EBFF9A2}.Release|Any CPU.ActiveCfg = Release|Any CPU
		{6303323F-81B5-12C9-EB21-E0206EBFF9A2}.Release|Any CPU.Build.0 = Release|Any CPU
		{4A45152F-54AA-449E-0492-C3A9F13D6310}.Debug|Any CPU.ActiveCfg = Debug|Any CPU
		{4A45152F-54AA-449E-0492-C3A9F13D6310}.Debug|Any CPU.Build.0 = Debug|Any CPU
		{4A45152F-54AA-449E-0492-C3A9F13D6310}.Release|Any CPU.ActiveCfg = Release|Any CPU
		{4A45152F-54AA-449E-0492-C3A9F13D6310}.Release|Any CPU.Build.0 = Release|Any CPU
		{F0456E75-052C-9CD3-6BC6-CFAAF149D18B}.Debug|Any CPU.ActiveCfg = Debug|Any CPU
		{F0456E75-052C-9CD3-6BC6-CFAAF149D18B}.Debug|Any CPU.Build.0 = Debug|Any CPU
		{F0456E75-052C-9CD3-6BC6-CFAAF149D18B}.Release|Any CPU.ActiveCfg = Release|Any CPU
		{F0456E75-052C-9CD3-6BC6-CFAAF149D18B}.Release|Any CPU.Build.0 = Release|Any CPU
		{D98BB6BC-A252-9C3A-8AED-08908272EA4E}.Debug|Any CPU.ActiveCfg = Debug|Any CPU
		{D98BB6BC-A252-9C3A-8AED-08908272EA4E}.Debug|Any CPU.Build.0 = Debug|Any CPU
		{D98BB6BC-A252-9C3A-8AED-08908272EA4E}.Release|Any CPU.ActiveCfg = Release|Any CPU
		{D98BB6BC-A252-9C3A-8AED-08908272EA4E}.Release|Any CPU.Build.0 = Release|Any CPU
		{BAAE2CD9-50B4-BD9B-D075-1E5312CDF5CA}.Debug|Any CPU.ActiveCfg = Debug|Any CPU
		{BAAE2CD9-50B4-BD9B-D075-1E5312CDF5CA}.Debug|Any CPU.Build.0 = Debug|Any CPU
		{BAAE2CD9-50B4-BD9B-D075-1E5312CDF5CA}.Release|Any CPU.ActiveCfg = Release|Any CPU
		{BAAE2CD9-50B4-BD9B-D075-1E5312CDF5CA}.Release|Any CPU.Build.0 = Release|Any CPU
		{561C549F-3DEB-B2C5-6F2F-E6BF5D5AEB8B}.Debug|Any CPU.ActiveCfg = Debug|Any CPU
		{561C549F-3DEB-B2C5-6F2F-E6BF5D5AEB8B}.Debug|Any CPU.Build.0 = Debug|Any CPU
		{561C549F-3DEB-B2C5-6F2F-E6BF5D5AEB8B}.Release|Any CPU.ActiveCfg = Release|Any CPU
		{561C549F-3DEB-B2C5-6F2F-E6BF5D5AEB8B}.Release|Any CPU.Build.0 = Release|Any CPU
		{D37FCE51-299D-E5DD-2631-7E44F1F07B06}.Debug|Any CPU.ActiveCfg = Debug|Any CPU
		{D37FCE51-299D-E5DD-2631-7E44F1F07B06}.Debug|Any CPU.Build.0 = Debug|Any CPU
		{D37FCE51-299D-E5DD-2631-7E44F1F07B06}.Release|Any CPU.ActiveCfg = Release|Any CPU
		{D37FCE51-299D-E5DD-2631-7E44F1F07B06}.Release|Any CPU.Build.0 = Release|Any CPU
		{B5C683DC-C1F1-F9D0-6050-7AF7D0E50551}.Debug|Any CPU.ActiveCfg = Debug|Any CPU
		{B5C683DC-C1F1-F9D0-6050-7AF7D0E50551}.Debug|Any CPU.Build.0 = Debug|Any CPU
		{B5C683DC-C1F1-F9D0-6050-7AF7D0E50551}.Release|Any CPU.ActiveCfg = Release|Any CPU
		{B5C683DC-C1F1-F9D0-6050-7AF7D0E50551}.Release|Any CPU.Build.0 = Release|Any CPU
		{8727DAF9-2D2B-B832-6467-7B183E72DCD8}.Debug|Any CPU.ActiveCfg = Debug|Any CPU
		{8727DAF9-2D2B-B832-6467-7B183E72DCD8}.Debug|Any CPU.Build.0 = Debug|Any CPU
		{8727DAF9-2D2B-B832-6467-7B183E72DCD8}.Release|Any CPU.ActiveCfg = Release|Any CPU
		{8727DAF9-2D2B-B832-6467-7B183E72DCD8}.Release|Any CPU.Build.0 = Release|Any CPU
		{E20CD21F-6966-204E-E218-731BE7228AB9}.Debug|Any CPU.ActiveCfg = Debug|Any CPU
		{E20CD21F-6966-204E-E218-731BE7228AB9}.Debug|Any CPU.Build.0 = Debug|Any CPU
		{E20CD21F-6966-204E-E218-731BE7228AB9}.Release|Any CPU.ActiveCfg = Release|Any CPU
		{E20CD21F-6966-204E-E218-731BE7228AB9}.Release|Any CPU.Build.0 = Release|Any CPU
		{000193B4-4431-94C4-C3D1-7810B00C06C6}.Debug|Any CPU.ActiveCfg = Debug|Any CPU
		{000193B4-4431-94C4-C3D1-7810B00C06C6}.Debug|Any CPU.Build.0 = Debug|Any CPU
		{000193B4-4431-94C4-C3D1-7810B00C06C6}.Release|Any CPU.ActiveCfg = Release|Any CPU
		{000193B4-4431-94C4-C3D1-7810B00C06C6}.Release|Any CPU.Build.0 = Release|Any CPU
		{04FB97F7-398E-B66A-310A-A6C22D8D40D6}.Debug|Any CPU.ActiveCfg = Debug|Any CPU
		{04FB97F7-398E-B66A-310A-A6C22D8D40D6}.Debug|Any CPU.Build.0 = Debug|Any CPU
		{04FB97F7-398E-B66A-310A-A6C22D8D40D6}.Release|Any CPU.ActiveCfg = Release|Any CPU
		{04FB97F7-398E-B66A-310A-A6C22D8D40D6}.Release|Any CPU.Build.0 = Release|Any CPU
		{F48B0F83-799E-598A-4E5F-23B747D28C84}.Debug|Any CPU.ActiveCfg = Debug|Any CPU
		{F48B0F83-799E-598A-4E5F-23B747D28C84}.Debug|Any CPU.Build.0 = Debug|Any CPU
		{F48B0F83-799E-598A-4E5F-23B747D28C84}.Release|Any CPU.ActiveCfg = Release|Any CPU
		{F48B0F83-799E-598A-4E5F-23B747D28C84}.Release|Any CPU.Build.0 = Release|Any CPU
		{20995D52-D98A-2C0F-8247-76B37D7B1DE1}.Debug|Any CPU.ActiveCfg = Debug|Any CPU
		{20995D52-D98A-2C0F-8247-76B37D7B1DE1}.Debug|Any CPU.Build.0 = Debug|Any CPU
		{20995D52-D98A-2C0F-8247-76B37D7B1DE1}.Release|Any CPU.ActiveCfg = Release|Any CPU
		{20995D52-D98A-2C0F-8247-76B37D7B1DE1}.Release|Any CPU.Build.0 = Release|Any CPU
		{DB8539DF-03AB-29DE-7724-9E056290E832}.Debug|Any CPU.ActiveCfg = Debug|Any CPU
		{DB8539DF-03AB-29DE-7724-9E056290E832}.Debug|Any CPU.Build.0 = Debug|Any CPU
		{DB8539DF-03AB-29DE-7724-9E056290E832}.Release|Any CPU.ActiveCfg = Release|Any CPU
		{DB8539DF-03AB-29DE-7724-9E056290E832}.Release|Any CPU.Build.0 = Release|Any CPU
		{F3EC2BA1-B59C-09B8-62F0-ADB880FF083D}.Debug|Any CPU.ActiveCfg = Debug|Any CPU
		{F3EC2BA1-B59C-09B8-62F0-ADB880FF083D}.Debug|Any CPU.Build.0 = Debug|Any CPU
		{F3EC2BA1-B59C-09B8-62F0-ADB880FF083D}.Release|Any CPU.ActiveCfg = Release|Any CPU
		{F3EC2BA1-B59C-09B8-62F0-ADB880FF083D}.Release|Any CPU.Build.0 = Release|Any CPU
		{1091D5B0-DC06-79AB-F6E7-B8DBD412F560}.Debug|Any CPU.ActiveCfg = Debug|Any CPU
		{1091D5B0-DC06-79AB-F6E7-B8DBD412F560}.Debug|Any CPU.Build.0 = Debug|Any CPU
		{1091D5B0-DC06-79AB-F6E7-B8DBD412F560}.Release|Any CPU.ActiveCfg = Release|Any CPU
		{1091D5B0-DC06-79AB-F6E7-B8DBD412F560}.Release|Any CPU.Build.0 = Release|Any CPU
		{7451A564-469F-E27E-C781-11316E769C71}.Debug|Any CPU.ActiveCfg = Debug|Any CPU
		{7451A564-469F-E27E-C781-11316E769C71}.Debug|Any CPU.Build.0 = Debug|Any CPU
		{7451A564-469F-E27E-C781-11316E769C71}.Release|Any CPU.ActiveCfg = Release|Any CPU
		{7451A564-469F-E27E-C781-11316E769C71}.Release|Any CPU.Build.0 = Release|Any CPU
		{9487F4FF-B603-BDC8-241F-D1D91C16FF80}.Debug|Any CPU.ActiveCfg = Debug|Any CPU
		{9487F4FF-B603-BDC8-241F-D1D91C16FF80}.Debug|Any CPU.Build.0 = Debug|Any CPU
		{9487F4FF-B603-BDC8-241F-D1D91C16FF80}.Release|Any CPU.ActiveCfg = Release|Any CPU
		{9487F4FF-B603-BDC8-241F-D1D91C16FF80}.Release|Any CPU.Build.0 = Release|Any CPU
		{42CD8179-A419-AC43-A021-E01CCD3D4755}.Debug|Any CPU.ActiveCfg = Debug|Any CPU
		{42CD8179-A419-AC43-A021-E01CCD3D4755}.Debug|Any CPU.Build.0 = Debug|Any CPU
		{42CD8179-A419-AC43-A021-E01CCD3D4755}.Release|Any CPU.ActiveCfg = Release|Any CPU
		{42CD8179-A419-AC43-A021-E01CCD3D4755}.Release|Any CPU.Build.0 = Release|Any CPU
		{81C3FB2E-865F-A6C2-2E17-B7964C3B1B32}.Debug|Any CPU.ActiveCfg = Debug|Any CPU
		{81C3FB2E-865F-A6C2-2E17-B7964C3B1B32}.Debug|Any CPU.Build.0 = Debug|Any CPU
		{81C3FB2E-865F-A6C2-2E17-B7964C3B1B32}.Release|Any CPU.ActiveCfg = Release|Any CPU
		{81C3FB2E-865F-A6C2-2E17-B7964C3B1B32}.Release|Any CPU.Build.0 = Release|Any CPU
		{D03FFC0A-28FB-0C81-CADB-0FF038D40BD0}.Debug|Any CPU.ActiveCfg = Debug|Any CPU
		{D03FFC0A-28FB-0C81-CADB-0FF038D40BD0}.Debug|Any CPU.Build.0 = Debug|Any CPU
		{D03FFC0A-28FB-0C81-CADB-0FF038D40BD0}.Release|Any CPU.ActiveCfg = Release|Any CPU
		{D03FFC0A-28FB-0C81-CADB-0FF038D40BD0}.Release|Any CPU.Build.0 = Release|Any CPU
		{252DD624-EA17-81FF-3539-40C0AD27CB4C}.Debug|Any CPU.ActiveCfg = Debug|Any CPU
		{252DD624-EA17-81FF-3539-40C0AD27CB4C}.Debug|Any CPU.Build.0 = Debug|Any CPU
		{252DD624-EA17-81FF-3539-40C0AD27CB4C}.Release|Any CPU.ActiveCfg = Release|Any CPU
		{252DD624-EA17-81FF-3539-40C0AD27CB4C}.Release|Any CPU.Build.0 = Release|Any CPU
		{29CE9831-B44F-E3F3-8DF8-1102324C86DE}.Debug|Any CPU.ActiveCfg = Debug|Any CPU
		{29CE9831-B44F-E3F3-8DF8-1102324C86DE}.Debug|Any CPU.Build.0 = Debug|Any CPU
		{29CE9831-B44F-E3F3-8DF8-1102324C86DE}.Release|Any CPU.ActiveCfg = Release|Any CPU
		{29CE9831-B44F-E3F3-8DF8-1102324C86DE}.Release|Any CPU.Build.0 = Release|Any CPU
		{2A2E6C7F-557D-7F46-3C19-FC275A5D1FC9}.Debug|Any CPU.ActiveCfg = Debug|Any CPU
		{2A2E6C7F-557D-7F46-3C19-FC275A5D1FC9}.Debug|Any CPU.Build.0 = Debug|Any CPU
		{2A2E6C7F-557D-7F46-3C19-FC275A5D1FC9}.Release|Any CPU.ActiveCfg = Release|Any CPU
		{2A2E6C7F-557D-7F46-3C19-FC275A5D1FC9}.Release|Any CPU.Build.0 = Release|Any CPU
		{BE1209F9-E183-62E8-DCA0-5B938B4D1D6C}.Debug|Any CPU.ActiveCfg = Debug|Any CPU
		{BE1209F9-E183-62E8-DCA0-5B938B4D1D6C}.Debug|Any CPU.Build.0 = Debug|Any CPU
		{BE1209F9-E183-62E8-DCA0-5B938B4D1D6C}.Release|Any CPU.ActiveCfg = Release|Any CPU
		{BE1209F9-E183-62E8-DCA0-5B938B4D1D6C}.Release|Any CPU.Build.0 = Release|Any CPU
		{06316002-1D77-E988-9CBD-016E449A649E}.Debug|Any CPU.ActiveCfg = Debug|Any CPU
		{06316002-1D77-E988-9CBD-016E449A649E}.Debug|Any CPU.Build.0 = Debug|Any CPU
		{06316002-1D77-E988-9CBD-016E449A649E}.Release|Any CPU.ActiveCfg = Release|Any CPU
		{06316002-1D77-E988-9CBD-016E449A649E}.Release|Any CPU.Build.0 = Release|Any CPU
		{245973B9-2FFF-5DD9-4B53-482E438247D0}.Debug|Any CPU.ActiveCfg = Debug|Any CPU
		{245973B9-2FFF-5DD9-4B53-482E438247D0}.Debug|Any CPU.Build.0 = Debug|Any CPU
		{245973B9-2FFF-5DD9-4B53-482E438247D0}.Release|Any CPU.ActiveCfg = Release|Any CPU
		{245973B9-2FFF-5DD9-4B53-482E438247D0}.Release|Any CPU.Build.0 = Release|Any CPU
		{168F29BE-9812-51FB-B2A6-661861DFE5E3}.Debug|Any CPU.ActiveCfg = Debug|Any CPU
		{168F29BE-9812-51FB-B2A6-661861DFE5E3}.Debug|Any CPU.Build.0 = Debug|Any CPU
		{168F29BE-9812-51FB-B2A6-661861DFE5E3}.Release|Any CPU.ActiveCfg = Release|Any CPU
		{168F29BE-9812-51FB-B2A6-661861DFE5E3}.Release|Any CPU.Build.0 = Release|Any CPU
		{B98ADAB9-ADCA-FEED-DBFE-B8A231E2887E}.Debug|Any CPU.ActiveCfg = Debug|Any CPU
		{B98ADAB9-ADCA-FEED-DBFE-B8A231E2887E}.Debug|Any CPU.Build.0 = Debug|Any CPU
		{B98ADAB9-ADCA-FEED-DBFE-B8A231E2887E}.Release|Any CPU.ActiveCfg = Release|Any CPU
		{B98ADAB9-ADCA-FEED-DBFE-B8A231E2887E}.Release|Any CPU.Build.0 = Release|Any CPU
		{179937EC-E66C-9B31-0A0B-F90478BCEB1F}.Debug|Any CPU.ActiveCfg = Debug|Any CPU
		{179937EC-E66C-9B31-0A0B-F90478BCEB1F}.Debug|Any CPU.Build.0 = Debug|Any CPU
		{179937EC-E66C-9B31-0A0B-F90478BCEB1F}.Release|Any CPU.ActiveCfg = Release|Any CPU
		{179937EC-E66C-9B31-0A0B-F90478BCEB1F}.Release|Any CPU.Build.0 = Release|Any CPU
		{0BCB4CB8-E769-83AD-60B3-96C76E77ED9D}.Debug|Any CPU.ActiveCfg = Debug|Any CPU
		{0BCB4CB8-E769-83AD-60B3-96C76E77ED9D}.Debug|Any CPU.Build.0 = Debug|Any CPU
		{0BCB4CB8-E769-83AD-60B3-96C76E77ED9D}.Release|Any CPU.ActiveCfg = Release|Any CPU
		{0BCB4CB8-E769-83AD-60B3-96C76E77ED9D}.Release|Any CPU.Build.0 = Release|Any CPU
		{00A402B2-92CC-B026-7261-3E1E45D0DAF8}.Debug|Any CPU.ActiveCfg = Debug|Any CPU
		{00A402B2-92CC-B026-7261-3E1E45D0DAF8}.Debug|Any CPU.Build.0 = Debug|Any CPU
		{00A402B2-92CC-B026-7261-3E1E45D0DAF8}.Release|Any CPU.ActiveCfg = Release|Any CPU
		{00A402B2-92CC-B026-7261-3E1E45D0DAF8}.Release|Any CPU.Build.0 = Release|Any CPU
		{727B8E52-3D66-AE7B-BD38-F9D8FD88DD56}.Debug|Any CPU.ActiveCfg = Debug|Any CPU
		{727B8E52-3D66-AE7B-BD38-F9D8FD88DD56}.Debug|Any CPU.Build.0 = Debug|Any CPU
		{727B8E52-3D66-AE7B-BD38-F9D8FD88DD56}.Release|Any CPU.ActiveCfg = Release|Any CPU
		{727B8E52-3D66-AE7B-BD38-F9D8FD88DD56}.Release|Any CPU.Build.0 = Release|Any CPU
		{BA2FB561-2A3F-E7AB-3761-5B90784852F5}.Debug|Any CPU.ActiveCfg = Debug|Any CPU
		{BA2FB561-2A3F-E7AB-3761-5B90784852F5}.Debug|Any CPU.Build.0 = Debug|Any CPU
		{BA2FB561-2A3F-E7AB-3761-5B90784852F5}.Release|Any CPU.ActiveCfg = Release|Any CPU
		{BA2FB561-2A3F-E7AB-3761-5B90784852F5}.Release|Any CPU.Build.0 = Release|Any CPU
		{F1CA471D-22AC-18A9-132D-9C670FF66678}.Debug|Any CPU.ActiveCfg = Debug|Any CPU
		{F1CA471D-22AC-18A9-132D-9C670FF66678}.Debug|Any CPU.Build.0 = Debug|Any CPU
		{F1CA471D-22AC-18A9-132D-9C670FF66678}.Release|Any CPU.ActiveCfg = Release|Any CPU
		{F1CA471D-22AC-18A9-132D-9C670FF66678}.Release|Any CPU.Build.0 = Release|Any CPU
		{C05B3382-221F-81EE-D922-1D4566EE5271}.Debug|Any CPU.ActiveCfg = Debug|Any CPU
		{C05B3382-221F-81EE-D922-1D4566EE5271}.Debug|Any CPU.Build.0 = Debug|Any CPU
		{C05B3382-221F-81EE-D922-1D4566EE5271}.Release|Any CPU.ActiveCfg = Release|Any CPU
		{C05B3382-221F-81EE-D922-1D4566EE5271}.Release|Any CPU.Build.0 = Release|Any CPU
		{811FDE3E-F9F4-7C15-A875-F2B2FCD75F42}.Debug|Any CPU.ActiveCfg = Debug|Any CPU
		{811FDE3E-F9F4-7C15-A875-F2B2FCD75F42}.Debug|Any CPU.Build.0 = Debug|Any CPU
		{811FDE3E-F9F4-7C15-A875-F2B2FCD75F42}.Release|Any CPU.ActiveCfg = Release|Any CPU
		{811FDE3E-F9F4-7C15-A875-F2B2FCD75F42}.Release|Any CPU.Build.0 = Release|Any CPU
		{42411805-2A76-B786-50D5-240EEE2DE49C}.Debug|Any CPU.ActiveCfg = Debug|Any CPU
		{42411805-2A76-B786-50D5-240EEE2DE49C}.Debug|Any CPU.Build.0 = Debug|Any CPU
		{42411805-2A76-B786-50D5-240EEE2DE49C}.Release|Any CPU.ActiveCfg = Release|Any CPU
		{42411805-2A76-B786-50D5-240EEE2DE49C}.Release|Any CPU.Build.0 = Release|Any CPU
		{1D02E31F-51C1-523C-5B60-68B5D4D47551}.Debug|Any CPU.ActiveCfg = Debug|Any CPU
		{1D02E31F-51C1-523C-5B60-68B5D4D47551}.Debug|Any CPU.Build.0 = Debug|Any CPU
		{1D02E31F-51C1-523C-5B60-68B5D4D47551}.Release|Any CPU.ActiveCfg = Release|Any CPU
		{1D02E31F-51C1-523C-5B60-68B5D4D47551}.Release|Any CPU.Build.0 = Release|Any CPU
		{37CDCF3F-0389-B63F-5625-A1C74B87B5B7}.Debug|Any CPU.ActiveCfg = Debug|Any CPU
		{37CDCF3F-0389-B63F-5625-A1C74B87B5B7}.Debug|Any CPU.Build.0 = Debug|Any CPU
		{37CDCF3F-0389-B63F-5625-A1C74B87B5B7}.Release|Any CPU.ActiveCfg = Release|Any CPU
		{37CDCF3F-0389-B63F-5625-A1C74B87B5B7}.Release|Any CPU.Build.0 = Release|Any CPU
		{D35AB74B-780F-6F44-D4E3-4223C8C8DC8D}.Debug|Any CPU.ActiveCfg = Debug|Any CPU
		{D35AB74B-780F-6F44-D4E3-4223C8C8DC8D}.Debug|Any CPU.Build.0 = Debug|Any CPU
		{D35AB74B-780F-6F44-D4E3-4223C8C8DC8D}.Release|Any CPU.ActiveCfg = Release|Any CPU
		{D35AB74B-780F-6F44-D4E3-4223C8C8DC8D}.Release|Any CPU.Build.0 = Release|Any CPU
		{466C101C-775C-9DA1-FFE6-1FC7E8A31A1B}.Debug|Any CPU.ActiveCfg = Debug|Any CPU
		{466C101C-775C-9DA1-FFE6-1FC7E8A31A1B}.Debug|Any CPU.Build.0 = Debug|Any CPU
		{466C101C-775C-9DA1-FFE6-1FC7E8A31A1B}.Release|Any CPU.ActiveCfg = Release|Any CPU
		{466C101C-775C-9DA1-FFE6-1FC7E8A31A1B}.Release|Any CPU.Build.0 = Release|Any CPU
		{83F5DC8B-F4E3-DE24-5B63-E900B5A94812}.Debug|Any CPU.ActiveCfg = Debug|Any CPU
		{83F5DC8B-F4E3-DE24-5B63-E900B5A94812}.Debug|Any CPU.Build.0 = Debug|Any CPU
		{83F5DC8B-F4E3-DE24-5B63-E900B5A94812}.Release|Any CPU.ActiveCfg = Release|Any CPU
		{83F5DC8B-F4E3-DE24-5B63-E900B5A94812}.Release|Any CPU.Build.0 = Release|Any CPU
		{D90CE579-1DB1-9FC7-8189-451F996ACB27}.Debug|Any CPU.ActiveCfg = Debug|Any CPU
		{D90CE579-1DB1-9FC7-8189-451F996ACB27}.Debug|Any CPU.Build.0 = Debug|Any CPU
		{D90CE579-1DB1-9FC7-8189-451F996ACB27}.Release|Any CPU.ActiveCfg = Release|Any CPU
		{D90CE579-1DB1-9FC7-8189-451F996ACB27}.Release|Any CPU.Build.0 = Release|Any CPU
		{AC63EBE7-128E-FD30-C475-A0A0498AB1A9}.Debug|Any CPU.ActiveCfg = Debug|Any CPU
		{AC63EBE7-128E-FD30-C475-A0A0498AB1A9}.Debug|Any CPU.Build.0 = Debug|Any CPU
		{AC63EBE7-128E-FD30-C475-A0A0498AB1A9}.Release|Any CPU.ActiveCfg = Release|Any CPU
		{AC63EBE7-128E-FD30-C475-A0A0498AB1A9}.Release|Any CPU.Build.0 = Release|Any CPU
		{71A7BF34-8E17-F8AA-87FB-7C40B7890803}.Debug|Any CPU.ActiveCfg = Debug|Any CPU
		{71A7BF34-8E17-F8AA-87FB-7C40B7890803}.Debug|Any CPU.Build.0 = Debug|Any CPU
		{71A7BF34-8E17-F8AA-87FB-7C40B7890803}.Release|Any CPU.ActiveCfg = Release|Any CPU
		{71A7BF34-8E17-F8AA-87FB-7C40B7890803}.Release|Any CPU.Build.0 = Release|Any CPU
		{CB6607B2-6A1E-E789-F581-855AD50EA17B}.Debug|Any CPU.ActiveCfg = Debug|Any CPU
		{CB6607B2-6A1E-E789-F581-855AD50EA17B}.Debug|Any CPU.Build.0 = Debug|Any CPU
		{CB6607B2-6A1E-E789-F581-855AD50EA17B}.Release|Any CPU.ActiveCfg = Release|Any CPU
		{CB6607B2-6A1E-E789-F581-855AD50EA17B}.Release|Any CPU.Build.0 = Release|Any CPU
		{53C2C953-EA73-B813-FA30-4100A2DD3117}.Debug|Any CPU.ActiveCfg = Debug|Any CPU
		{53C2C953-EA73-B813-FA30-4100A2DD3117}.Debug|Any CPU.Build.0 = Debug|Any CPU
		{53C2C953-EA73-B813-FA30-4100A2DD3117}.Release|Any CPU.ActiveCfg = Release|Any CPU
		{53C2C953-EA73-B813-FA30-4100A2DD3117}.Release|Any CPU.Build.0 = Release|Any CPU
		{F2BCBB74-6AC0-BB8F-3C3A-0A17D53927D9}.Debug|Any CPU.ActiveCfg = Debug|Any CPU
		{F2BCBB74-6AC0-BB8F-3C3A-0A17D53927D9}.Debug|Any CPU.Build.0 = Debug|Any CPU
		{F2BCBB74-6AC0-BB8F-3C3A-0A17D53927D9}.Release|Any CPU.ActiveCfg = Release|Any CPU
		{F2BCBB74-6AC0-BB8F-3C3A-0A17D53927D9}.Release|Any CPU.Build.0 = Release|Any CPU
		{09B7D19C-D603-94A7-6511-2970C3BE8708}.Debug|Any CPU.ActiveCfg = Debug|Any CPU
		{09B7D19C-D603-94A7-6511-2970C3BE8708}.Debug|Any CPU.Build.0 = Debug|Any CPU
		{09B7D19C-D603-94A7-6511-2970C3BE8708}.Release|Any CPU.ActiveCfg = Release|Any CPU
		{09B7D19C-D603-94A7-6511-2970C3BE8708}.Release|Any CPU.Build.0 = Release|Any CPU
		{E85408AB-BD06-3393-EA13-9BB291B52A4D}.Debug|Any CPU.ActiveCfg = Debug|Any CPU
		{E85408AB-BD06-3393-EA13-9BB291B52A4D}.Debug|Any CPU.Build.0 = Debug|Any CPU
		{E85408AB-BD06-3393-EA13-9BB291B52A4D}.Release|Any CPU.ActiveCfg = Release|Any CPU
		{E85408AB-BD06-3393-EA13-9BB291B52A4D}.Release|Any CPU.Build.0 = Release|Any CPU
		{14F0111B-7DB4-2205-11DB-540A9D06149F}.Debug|Any CPU.ActiveCfg = Debug|Any CPU
		{14F0111B-7DB4-2205-11DB-540A9D06149F}.Debug|Any CPU.Build.0 = Debug|Any CPU
		{14F0111B-7DB4-2205-11DB-540A9D06149F}.Release|Any CPU.ActiveCfg = Release|Any CPU
		{14F0111B-7DB4-2205-11DB-540A9D06149F}.Release|Any CPU.Build.0 = Release|Any CPU
		{553B34A8-321C-F187-21A8-61C2784BE429}.Debug|Any CPU.ActiveCfg = Debug|Any CPU
		{553B34A8-321C-F187-21A8-61C2784BE429}.Debug|Any CPU.Build.0 = Debug|Any CPU
		{553B34A8-321C-F187-21A8-61C2784BE429}.Release|Any CPU.ActiveCfg = Release|Any CPU
		{553B34A8-321C-F187-21A8-61C2784BE429}.Release|Any CPU.Build.0 = Release|Any CPU
		{AE770AE1-4D7A-3220-1624-FD76E7F2B773}.Debug|Any CPU.ActiveCfg = Debug|Any CPU
		{AE770AE1-4D7A-3220-1624-FD76E7F2B773}.Debug|Any CPU.Build.0 = Debug|Any CPU
		{AE770AE1-4D7A-3220-1624-FD76E7F2B773}.Release|Any CPU.ActiveCfg = Release|Any CPU
		{AE770AE1-4D7A-3220-1624-FD76E7F2B773}.Release|Any CPU.Build.0 = Release|Any CPU
	EndGlobalSection
	GlobalSection(SolutionProperties) = preSolution
		HideSolutionNode = FALSE
	EndGlobalSection
EndGlobal
