
Microsoft Visual Studio Solution File, Format Version 11.00
# Visual Studio 2010
Project("{FAE04EC0-301F-11D3-BF4B-00C04F79EFBC}") = "Microsoft.MixedReality.Toolkit.SDK", "Microsoft.MixedReality.Toolkit.SDK.csproj", "{72ED4B1B-924D-CF78-8EC7-E1D3773DB636}"
EndProject
Project("{FAE04EC0-301F-11D3-BF4B-00C04F79EFBC}") = "Microsoft.MixedReality.Toolkit.Providers.OpenVR", "Microsoft.MixedReality.Toolkit.Providers.OpenVR.csproj", "{213A885D-4581-50DF-8C32-BD03BB90478A}"
EndProject
Project("{FAE04EC0-301F-11D3-BF4B-00C04F79EFBC}") = "Microsoft.MixedReality.Toolkit.Examples", "Microsoft.MixedReality.Toolkit.Examples.csproj", "{F38F76A7-6E74-D69A-FBA1-30CAA03F9D88}"
EndProject
Project("{FAE04EC0-301F-11D3-BF4B-00C04F79EFBC}") = "Microsoft.MixedReality.Toolkit", "Microsoft.MixedReality.Toolkit.csproj", "{49899F0A-6ED8-7B4F-B705-148E90F27E20}"
EndProject
Project("{FAE04EC0-301F-11D3-BF4B-00C04F79EFBC}") = "Microsoft.MixedReality.Toolkit.Services.SpatialAwarenessSystem", "Microsoft.MixedReality.Toolkit.Services.SpatialAwarenessSystem.csproj", "{AD91789A-1C43-C6B9-7BD9-1CD640005DE1}"
EndProject
Project("{FAE04EC0-301F-11D3-BF4B-00C04F79EFBC}") = "Microsoft.MixedReality.Toolkit.Gltf", "Microsoft.MixedReality.Toolkit.Gltf.csproj", "{D30C8FAD-ECD6-B7BF-7C24-9966A51DD092}"
EndProject
Project("{FAE04EC0-301F-11D3-BF4B-00C04F79EFBC}") = "Microsoft.MixedReality.Toolkit.Services.SceneSystem", "Microsoft.MixedReality.Toolkit.Services.SceneSystem.csproj", "{6303323F-81B5-12C9-EB21-E0206EBFF9A2}"
EndProject
Project("{FAE04EC0-301F-11D3-BF4B-00C04F79EFBC}") = "Microsoft.MixedReality.Toolkit.Services.InputSystem", "Microsoft.MixedReality.Toolkit.Services.InputSystem.csproj", "{4A45152F-54AA-449E-0492-C3A9F13D6310}"
EndProject
Project("{FAE04EC0-301F-11D3-BF4B-00C04F79EFBC}") = "Assembly-CSharp", "Assembly-CSharp.csproj", "{F0456E75-052C-9CD3-6BC6-CFAAF149D18B}"
EndProject
Project("{FAE04EC0-301F-11D3-BF4B-00C04F79EFBC}") = "Microsoft.MixedReality.Toolkit.Services.InputSimulation", "Microsoft.MixedReality.Toolkit.Services.InputSimulation.csproj", "{D98BB6BC-A252-9C3A-8AED-08908272EA4E}"
EndProject
Project("{FAE04EC0-301F-11D3-BF4B-00C04F79EFBC}") = "Microsoft.MixedReality.Toolkit.Services.InputAnimation", "Microsoft.MixedReality.Toolkit.Services.InputAnimation.csproj", "{BAAE2CD9-50B4-BD9B-D075-1E5312CDF5CA}"
EndProject
Project("{FAE04EC0-301F-11D3-BF4B-00C04F79EFBC}") = "Microsoft.MixedReality.Toolkit.Services.DiagnosticsSystem", "Microsoft.MixedReality.Toolkit.Services.DiagnosticsSystem.csproj", "{561C549F-3DEB-B2C5-6F2F-E6BF5D5AEB8B}"
EndProject
Project("{FAE04EC0-301F-11D3-BF4B-00C04F79EFBC}") = "Microsoft.MixedReality.Toolkit.Demos.InspectorFields", "Microsoft.MixedReality.Toolkit.Demos.InspectorFields.csproj", "{D37FCE51-299D-E5DD-2631-7E44F1F07B06}"
EndProject
Project("{FAE04EC0-301F-11D3-BF4B-00C04F79EFBC}") = "Microsoft.MixedReality.Toolkit.Async", "Microsoft.MixedReality.Toolkit.Async.csproj", "{B5C683DC-C1F1-F9D0-6050-7AF7D0E50551}"
EndProject
Project("{FAE04EC0-301F-11D3-BF4B-00C04F79EFBC}") = "Microsoft.MixedReality.Toolkit.Providers.WindowsMixedReality", "Microsoft.MixedReality.Toolkit.Providers.WindowsMixedReality.csproj", "{8727DAF9-2D2B-B832-6467-7B183E72DCD8}"
EndProject
Project("{FAE04EC0-301F-11D3-BF4B-00C04F79EFBC}") = "Microsoft.MixedReality.Toolkit.Demos.Gltf", "Microsoft.MixedReality.Toolkit.Demos.Gltf.csproj", "{E20CD21F-6966-204E-E218-731BE7228AB9}"
EndProject
Project("{FAE04EC0-301F-11D3-BF4B-00C04F79EFBC}") = "Microsoft.MixedReality.Toolkit.Providers.WindowsVoiceInput", "Microsoft.MixedReality.Toolkit.Providers.WindowsVoiceInput.csproj", "{000193B4-4431-94C4-C3D1-7810B00C06C6}"
EndProject
Project("{FAE04EC0-301F-11D3-BF4B-00C04F79EFBC}") = "Microsoft.MixedReality.Toolkit.Services.TeleportSystem", "Microsoft.MixedReality.Toolkit.Services.TeleportSystem.csproj", "{04FB97F7-398E-B66A-310A-A6C22D8D40D6}"
EndProject
Project("{FAE04EC0-301F-11D3-BF4B-00C04F79EFBC}") = "Microsoft.MixedReality.Toolkit.Services.CameraSystem", "Microsoft.MixedReality.Toolkit.Services.CameraSystem.csproj", "{F48B0F83-799E-598A-4E5F-23B747D28C84}"
EndProject
Project("{FAE04EC0-301F-11D3-BF4B-00C04F79EFBC}") = "Microsoft.MixedReality.Toolkit.Tools.Runtime", "Microsoft.MixedReality.Toolkit.Tools.Runtime.csproj", "{20995D52-D98A-2C0F-8247-76B37D7B1DE1}"
EndProject
Project("{FAE04EC0-301F-11D3-BF4B-00C04F79EFBC}") = "Microsoft.MixedReality.Toolkit.Services.BoundarySystem", "Microsoft.MixedReality.Toolkit.Services.BoundarySystem.csproj", "{DB8539DF-03AB-29DE-7724-9E056290E832}"
EndProject
Project("{FAE04EC0-301F-11D3-BF4B-00C04F79EFBC}") = "Microsoft.MixedReality.Toolkit.Demos.UX.Interactables", "Microsoft.MixedReality.Toolkit.Demos.UX.Interactables.csproj", "{F3EC2BA1-B59C-09B8-62F0-ADB880FF083D}"
EndProject
Project("{FAE04EC0-301F-11D3-BF4B-00C04F79EFBC}") = "Microsoft.MixedReality.Toolkit.SDK.Inspectors", "Microsoft.MixedReality.Toolkit.SDK.Inspectors.csproj", "{1091D5B0-DC06-79AB-F6E7-B8DBD412F560}"
EndProject
Project("{FAE04EC0-301F-11D3-BF4B-00C04F79EFBC}") = "Microsoft.MixedReality.Toolkit.Editor.Inspectors", "Microsoft.MixedReality.Toolkit.Editor.Inspectors.csproj", "{7451A564-469F-E27E-C781-11316E769C71}"
EndProject
Project("{FAE04EC0-301F-11D3-BF4B-00C04F79EFBC}") = "Microsoft.MixedReality.Toolkit.Editor.ServiceInspectors", "Microsoft.MixedReality.Toolkit.Editor.ServiceInspectors.csproj", "{9487F4FF-B603-BDC8-241F-D1D91C16FF80}"
EndProject
Project("{FAE04EC0-301F-11D3-BF4B-00C04F79EFBC}") = "Microsoft.MixedReality.Toolkit.MSBuild", "Microsoft.MixedReality.Toolkit.MSBuild.csproj", "{42CD8179-A419-AC43-A021-E01CCD3D4755}"
EndProject
Project("{FAE04EC0-301F-11D3-BF4B-00C04F79EFBC}") = "Microsoft.MixedReality.Toolkit.Demos.InspectorFields.Inspectors", "Microsoft.MixedReality.Toolkit.Demos.InspectorFields.Inspectors.csproj", "{81C3FB2E-865F-A6C2-2E17-B7964C3B1B32}"
EndProject
Project("{FAE04EC0-301F-11D3-BF4B-00C04F79EFBC}") = "Microsoft.MixedReality.Toolkit.Editor.Utilities", "Microsoft.MixedReality.Toolkit.Editor.Utilities.csproj", "{D03FFC0A-28FB-0C81-CADB-0FF038D40BD0}"
EndProject
Project("{FAE04EC0-301F-11D3-BF4B-00C04F79EFBC}") = "Microsoft.MixedReality.Toolkit.Tools", "Microsoft.MixedReality.Toolkit.Tools.csproj", "{252DD624-EA17-81FF-3539-40C0AD27CB4C}"
EndProject
Project("{FAE04EC0-301F-11D3-BF4B-00C04F79EFBC}") = "Microsoft.MixedReality.Toolkit.Providers.ObjectMeshObserver", "Microsoft.MixedReality.Toolkit.Providers.ObjectMeshObserver.csproj", "{29CE9831-B44F-E3F3-8DF8-1102324C86DE}"
EndProject
Project("{FAE04EC0-301F-11D3-BF4B-00C04F79EFBC}") = "Microsoft.MixedReality.Toolkit.Editor.ClassExtensions", "Microsoft.MixedReality.Toolkit.Editor.ClassExtensions.csproj", "{2A2E6C7F-557D-7F46-3C19-FC275A5D1FC9}"
EndProject
Project("{FAE04EC0-301F-11D3-BF4B-00C04F79EFBC}") = "Microsoft.MixedReality.Toolkit.Gltf.Importers", "Microsoft.MixedReality.Toolkit.Gltf.Importers.csproj", "{BE1209F9-E183-62E8-DCA0-5B938B4D1D6C}"
EndProject
Project("{FAE04EC0-301F-11D3-BF4B-00C04F79EFBC}") = "Microsoft.MixedReality.Toolkit.Editor.BuildAndDeploy", "Microsoft.MixedReality.Toolkit.Editor.BuildAndDeploy.csproj", "{06316002-1D77-E988-9CBD-016E449A649E}"
EndProject
Project("{FAE04EC0-301F-11D3-BF4B-00C04F79EFBC}") = "Microsoft.MixedReality.Toolkit.Services.InputSimulation.Editor", "Microsoft.MixedReality.Toolkit.Services.InputSimulation.Editor.csproj", "{245973B9-2FFF-5DD9-4B53-482E438247D0}"
EndProject
Project("{FAE04EC0-301F-11D3-BF4B-00C04F79EFBC}") = "Microsoft.MixedReality.Toolkit.Examples.Editor.Inspectors", "Microsoft.MixedReality.Toolkit.Examples.Editor.Inspectors.csproj", "{168F29BE-9812-51FB-B2A6-661861DFE5E3}"
EndProject
Project("{FAE04EC0-301F-11D3-BF4B-00C04F79EFBC}") = "Microsoft.MixedReality.Toolkit.Demos.StandardShader.Inspectors", "Microsoft.MixedReality.Toolkit.Demos.StandardShader.Inspectors.csproj", "{B98ADAB9-ADCA-FEED-DBFE-B8A231E2887E}"
EndProject
Project("{FAE04EC0-301F-11D3-BF4B-00C04F79EFBC}") = "Microsoft.MixedReality.Toolkit.Services.InputSystem.Editor", "Microsoft.MixedReality.Toolkit.Services.InputSystem.Editor.csproj", "{179937EC-E66C-9B31-0A0B-F90478BCEB1F}"
EndProject
Project("{FAE04EC0-301F-11D3-BF4B-00C04F79EFBC}") = "Microsoft.MixedReality.Toolkit.Demos.Gltf.Inspectors", "Microsoft.MixedReality.Toolkit.Demos.Gltf.Inspectors.csproj", "{0BCB4CB8-E769-83AD-60B3-96C76E77ED9D}"
EndProject
Global
	GlobalSection(SolutionConfigurationPlatforms) = preSolution
		Debug|Any CPU = Debug|Any CPU
		Release|Any CPU = Release|Any CPU
	EndGlobalSection
	GlobalSection(ProjectConfigurationPlatforms) = postSolution
		{72ED4B1B-924D-CF78-8EC7-E1D3773DB636}.Debug|Any CPU.ActiveCfg = Debug|Any CPU
		{72ED4B1B-924D-CF78-8EC7-E1D3773DB636}.Debug|Any CPU.Build.0 = Debug|Any CPU
		{72ED4B1B-924D-CF78-8EC7-E1D3773DB636}.Release|Any CPU.ActiveCfg = Release|Any CPU
		{72ED4B1B-924D-CF78-8EC7-E1D3773DB636}.Release|Any CPU.Build.0 = Release|Any CPU
		{213A885D-4581-50DF-8C32-BD03BB90478A}.Debug|Any CPU.ActiveCfg = Debug|Any CPU
		{213A885D-4581-50DF-8C32-BD03BB90478A}.Debug|Any CPU.Build.0 = Debug|Any CPU
		{213A885D-4581-50DF-8C32-BD03BB90478A}.Release|Any CPU.ActiveCfg = Release|Any CPU
		{213A885D-4581-50DF-8C32-BD03BB90478A}.Release|Any CPU.Build.0 = Release|Any CPU
		{F38F76A7-6E74-D69A-FBA1-30CAA03F9D88}.Debug|Any CPU.ActiveCfg = Debug|Any CPU
		{F38F76A7-6E74-D69A-FBA1-30CAA03F9D88}.Debug|Any CPU.Build.0 = Debug|Any CPU
		{F38F76A7-6E74-D69A-FBA1-30CAA03F9D88}.Release|Any CPU.ActiveCfg = Release|Any CPU
		{F38F76A7-6E74-D69A-FBA1-30CAA03F9D88}.Release|Any CPU.Build.0 = Release|Any CPU
		{49899F0A-6ED8-7B4F-B705-148E90F27E20}.Debug|Any CPU.ActiveCfg = Debug|Any CPU
		{49899F0A-6ED8-7B4F-B705-148E90F27E20}.Debug|Any CPU.Build.0 = Debug|Any CPU
		{49899F0A-6ED8-7B4F-B705-148E90F27E20}.Release|Any CPU.ActiveCfg = Release|Any CPU
		{49899F0A-6ED8-7B4F-B705-148E90F27E20}.Release|Any CPU.Build.0 = Release|Any CPU
		{AD91789A-1C43-C6B9-7BD9-1CD640005DE1}.Debug|Any CPU.ActiveCfg = Debug|Any CPU
		{AD91789A-1C43-C6B9-7BD9-1CD640005DE1}.Debug|Any CPU.Build.0 = Debug|Any CPU
		{AD91789A-1C43-C6B9-7BD9-1CD640005DE1}.Release|Any CPU.ActiveCfg = Release|Any CPU
		{AD91789A-1C43-C6B9-7BD9-1CD640005DE1}.Release|Any CPU.Build.0 = Release|Any CPU
		{D30C8FAD-ECD6-B7BF-7C24-9966A51DD092}.Debug|Any CPU.ActiveCfg = Debug|Any CPU
		{D30C8FAD-ECD6-B7BF-7C24-9966A51DD092}.Debug|Any CPU.Build.0 = Debug|Any CPU
		{D30C8FAD-ECD6-B7BF-7C24-9966A51DD092}.Release|Any CPU.ActiveCfg = Release|Any CPU
		{D30C8FAD-ECD6-B7BF-7C24-9966A51DD092}.Release|Any CPU.Build.0 = Release|Any CPU
		{6303323F-81B5-12C9-EB21-E0206EBFF9A2}.Debug|Any CPU.ActiveCfg = Debug|Any CPU
		{6303323F-81B5-12C9-EB21-E0206EBFF9A2}.Debug|Any CPU.Build.0 = Debug|Any CPU
		{6303323F-81B5-12C9-EB21-E0206EBFF9A2}.Release|Any CPU.ActiveCfg = Release|Any CPU
		{6303323F-81B5-12C9-EB21-E0206EBFF9A2}.Release|Any CPU.Build.0 = Release|Any CPU
		{4A45152F-54AA-449E-0492-C3A9F13D6310}.Debug|Any CPU.ActiveCfg = Debug|Any CPU
		{4A45152F-54AA-449E-0492-C3A9F13D6310}.Debug|Any CPU.Build.0 = Debug|Any CPU
		{4A45152F-54AA-449E-0492-C3A9F13D6310}.Release|Any CPU.ActiveCfg = Release|Any CPU
		{4A45152F-54AA-449E-0492-C3A9F13D6310}.Release|Any CPU.Build.0 = Release|Any CPU
		{F0456E75-052C-9CD3-6BC6-CFAAF149D18B}.Debug|Any CPU.ActiveCfg = Debug|Any CPU
		{F0456E75-052C-9CD3-6BC6-CFAAF149D18B}.Debug|Any CPU.Build.0 = Debug|Any CPU
		{F0456E75-052C-9CD3-6BC6-CFAAF149D18B}.Release|Any CPU.ActiveCfg = Release|Any CPU
		{F0456E75-052C-9CD3-6BC6-CFAAF149D18B}.Release|Any CPU.Build.0 = Release|Any CPU
		{D98BB6BC-A252-9C3A-8AED-08908272EA4E}.Debug|Any CPU.ActiveCfg = Debug|Any CPU
		{D98BB6BC-A252-9C3A-8AED-08908272EA4E}.Debug|Any CPU.Build.0 = Debug|Any CPU
		{D98BB6BC-A252-9C3A-8AED-08908272EA4E}.Release|Any CPU.ActiveCfg = Release|Any CPU
		{D98BB6BC-A252-9C3A-8AED-08908272EA4E}.Release|Any CPU.Build.0 = Release|Any CPU
		{BAAE2CD9-50B4-BD9B-D075-1E5312CDF5CA}.Debug|Any CPU.ActiveCfg = Debug|Any CPU
		{BAAE2CD9-50B4-BD9B-D075-1E5312CDF5CA}.Debug|Any CPU.Build.0 = Debug|Any CPU
		{BAAE2CD9-50B4-BD9B-D075-1E5312CDF5CA}.Release|Any CPU.ActiveCfg = Release|Any CPU
		{BAAE2CD9-50B4-BD9B-D075-1E5312CDF5CA}.Release|Any CPU.Build.0 = Release|Any CPU
		{561C549F-3DEB-B2C5-6F2F-E6BF5D5AEB8B}.Debug|Any CPU.ActiveCfg = Debug|Any CPU
		{561C549F-3DEB-B2C5-6F2F-E6BF5D5AEB8B}.Debug|Any CPU.Build.0 = Debug|Any CPU
		{561C549F-3DEB-B2C5-6F2F-E6BF5D5AEB8B}.Release|Any CPU.ActiveCfg = Release|Any CPU
		{561C549F-3DEB-B2C5-6F2F-E6BF5D5AEB8B}.Release|Any CPU.Build.0 = Release|Any CPU
		{D37FCE51-299D-E5DD-2631-7E44F1F07B06}.Debug|Any CPU.ActiveCfg = Debug|Any CPU
		{D37FCE51-299D-E5DD-2631-7E44F1F07B06}.Debug|Any CPU.Build.0 = Debug|Any CPU
		{D37FCE51-299D-E5DD-2631-7E44F1F07B06}.Release|Any CPU.ActiveCfg = Release|Any CPU
		{D37FCE51-299D-E5DD-2631-7E44F1F07B06}.Release|Any CPU.Build.0 = Release|Any CPU
		{B5C683DC-C1F1-F9D0-6050-7AF7D0E50551}.Debug|Any CPU.ActiveCfg = Debug|Any CPU
		{B5C683DC-C1F1-F9D0-6050-7AF7D0E50551}.Debug|Any CPU.Build.0 = Debug|Any CPU
		{B5C683DC-C1F1-F9D0-6050-7AF7D0E50551}.Release|Any CPU.ActiveCfg = Release|Any CPU
		{B5C683DC-C1F1-F9D0-6050-7AF7D0E50551}.Release|Any CPU.Build.0 = Release|Any CPU
		{8727DAF9-2D2B-B832-6467-7B183E72DCD8}.Debug|Any CPU.ActiveCfg = Debug|Any CPU
		{8727DAF9-2D2B-B832-6467-7B183E72DCD8}.Debug|Any CPU.Build.0 = Debug|Any CPU
		{8727DAF9-2D2B-B832-6467-7B183E72DCD8}.Release|Any CPU.ActiveCfg = Release|Any CPU
		{8727DAF9-2D2B-B832-6467-7B183E72DCD8}.Release|Any CPU.Build.0 = Release|Any CPU
		{E20CD21F-6966-204E-E218-731BE7228AB9}.Debug|Any CPU.ActiveCfg = Debug|Any CPU
		{E20CD21F-6966-204E-E218-731BE7228AB9}.Debug|Any CPU.Build.0 = Debug|Any CPU
		{E20CD21F-6966-204E-E218-731BE7228AB9}.Release|Any CPU.ActiveCfg = Release|Any CPU
		{E20CD21F-6966-204E-E218-731BE7228AB9}.Release|Any CPU.Build.0 = Release|Any CPU
		{000193B4-4431-94C4-C3D1-7810B00C06C6}.Debug|Any CPU.ActiveCfg = Debug|Any CPU
		{000193B4-4431-94C4-C3D1-7810B00C06C6}.Debug|Any CPU.Build.0 = Debug|Any CPU
		{000193B4-4431-94C4-C3D1-7810B00C06C6}.Release|Any CPU.ActiveCfg = Release|Any CPU
		{000193B4-4431-94C4-C3D1-7810B00C06C6}.Release|Any CPU.Build.0 = Release|Any CPU
		{04FB97F7-398E-B66A-310A-A6C22D8D40D6}.Debug|Any CPU.ActiveCfg = Debug|Any CPU
		{04FB97F7-398E-B66A-310A-A6C22D8D40D6}.Debug|Any CPU.Build.0 = Debug|Any CPU
		{04FB97F7-398E-B66A-310A-A6C22D8D40D6}.Release|Any CPU.ActiveCfg = Release|Any CPU
		{04FB97F7-398E-B66A-310A-A6C22D8D40D6}.Release|Any CPU.Build.0 = Release|Any CPU
		{F48B0F83-799E-598A-4E5F-23B747D28C84}.Debug|Any CPU.ActiveCfg = Debug|Any CPU
		{F48B0F83-799E-598A-4E5F-23B747D28C84}.Debug|Any CPU.Build.0 = Debug|Any CPU
		{F48B0F83-799E-598A-4E5F-23B747D28C84}.Release|Any CPU.ActiveCfg = Release|Any CPU
		{F48B0F83-799E-598A-4E5F-23B747D28C84}.Release|Any CPU.Build.0 = Release|Any CPU
		{20995D52-D98A-2C0F-8247-76B37D7B1DE1}.Debug|Any CPU.ActiveCfg = Debug|Any CPU
		{20995D52-D98A-2C0F-8247-76B37D7B1DE1}.Debug|Any CPU.Build.0 = Debug|Any CPU
		{20995D52-D98A-2C0F-8247-76B37D7B1DE1}.Release|Any CPU.ActiveCfg = Release|Any CPU
		{20995D52-D98A-2C0F-8247-76B37D7B1DE1}.Release|Any CPU.Build.0 = Release|Any CPU
		{DB8539DF-03AB-29DE-7724-9E056290E832}.Debug|Any CPU.ActiveCfg = Debug|Any CPU
		{DB8539DF-03AB-29DE-7724-9E056290E832}.Debug|Any CPU.Build.0 = Debug|Any CPU
		{DB8539DF-03AB-29DE-7724-9E056290E832}.Release|Any CPU.ActiveCfg = Release|Any CPU
		{DB8539DF-03AB-29DE-7724-9E056290E832}.Release|Any CPU.Build.0 = Release|Any CPU
		{F3EC2BA1-B59C-09B8-62F0-ADB880FF083D}.Debug|Any CPU.ActiveCfg = Debug|Any CPU
		{F3EC2BA1-B59C-09B8-62F0-ADB880FF083D}.Debug|Any CPU.Build.0 = Debug|Any CPU
		{F3EC2BA1-B59C-09B8-62F0-ADB880FF083D}.Release|Any CPU.ActiveCfg = Release|Any CPU
		{F3EC2BA1-B59C-09B8-62F0-ADB880FF083D}.Release|Any CPU.Build.0 = Release|Any CPU
		{1091D5B0-DC06-79AB-F6E7-B8DBD412F560}.Debug|Any CPU.ActiveCfg = Debug|Any CPU
		{1091D5B0-DC06-79AB-F6E7-B8DBD412F560}.Debug|Any CPU.Build.0 = Debug|Any CPU
		{1091D5B0-DC06-79AB-F6E7-B8DBD412F560}.Release|Any CPU.ActiveCfg = Release|Any CPU
		{1091D5B0-DC06-79AB-F6E7-B8DBD412F560}.Release|Any CPU.Build.0 = Release|Any CPU
		{7451A564-469F-E27E-C781-11316E769C71}.Debug|Any CPU.ActiveCfg = Debug|Any CPU
		{7451A564-469F-E27E-C781-11316E769C71}.Debug|Any CPU.Build.0 = Debug|Any CPU
		{7451A564-469F-E27E-C781-11316E769C71}.Release|Any CPU.ActiveCfg = Release|Any CPU
		{7451A564-469F-E27E-C781-11316E769C71}.Release|Any CPU.Build.0 = Release|Any CPU
		{9487F4FF-B603-BDC8-241F-D1D91C16FF80}.Debug|Any CPU.ActiveCfg = Debug|Any CPU
		{9487F4FF-B603-BDC8-241F-D1D91C16FF80}.Debug|Any CPU.Build.0 = Debug|Any CPU
		{9487F4FF-B603-BDC8-241F-D1D91C16FF80}.Release|Any CPU.ActiveCfg = Release|Any CPU
		{9487F4FF-B603-BDC8-241F-D1D91C16FF80}.Release|Any CPU.Build.0 = Release|Any CPU
		{42CD8179-A419-AC43-A021-E01CCD3D4755}.Debug|Any CPU.ActiveCfg = Debug|Any CPU
		{42CD8179-A419-AC43-A021-E01CCD3D4755}.Debug|Any CPU.Build.0 = Debug|Any CPU
		{42CD8179-A419-AC43-A021-E01CCD3D4755}.Release|Any CPU.ActiveCfg = Release|Any CPU
		{42CD8179-A419-AC43-A021-E01CCD3D4755}.Release|Any CPU.Build.0 = Release|Any CPU
		{81C3FB2E-865F-A6C2-2E17-B7964C3B1B32}.Debug|Any CPU.ActiveCfg = Debug|Any CPU
		{81C3FB2E-865F-A6C2-2E17-B7964C3B1B32}.Debug|Any CPU.Build.0 = Debug|Any CPU
		{81C3FB2E-865F-A6C2-2E17-B7964C3B1B32}.Release|Any CPU.ActiveCfg = Release|Any CPU
		{81C3FB2E-865F-A6C2-2E17-B7964C3B1B32}.Release|Any CPU.Build.0 = Release|Any CPU
		{D03FFC0A-28FB-0C81-CADB-0FF038D40BD0}.Debug|Any CPU.ActiveCfg = Debug|Any CPU
		{D03FFC0A-28FB-0C81-CADB-0FF038D40BD0}.Debug|Any CPU.Build.0 = Debug|Any CPU
		{D03FFC0A-28FB-0C81-CADB-0FF038D40BD0}.Release|Any CPU.ActiveCfg = Release|Any CPU
		{D03FFC0A-28FB-0C81-CADB-0FF038D40BD0}.Release|Any CPU.Build.0 = Release|Any CPU
		{252DD624-EA17-81FF-3539-40C0AD27CB4C}.Debug|Any CPU.ActiveCfg = Debug|Any CPU
		{252DD624-EA17-81FF-3539-40C0AD27CB4C}.Debug|Any CPU.Build.0 = Debug|Any CPU
		{252DD624-EA17-81FF-3539-40C0AD27CB4C}.Release|Any CPU.ActiveCfg = Release|Any CPU
		{252DD624-EA17-81FF-3539-40C0AD27CB4C}.Release|Any CPU.Build.0 = Release|Any CPU
		{29CE9831-B44F-E3F3-8DF8-1102324C86DE}.Debug|Any CPU.ActiveCfg = Debug|Any CPU
		{29CE9831-B44F-E3F3-8DF8-1102324C86DE}.Debug|Any CPU.Build.0 = Debug|Any CPU
		{29CE9831-B44F-E3F3-8DF8-1102324C86DE}.Release|Any CPU.ActiveCfg = Release|Any CPU
		{29CE9831-B44F-E3F3-8DF8-1102324C86DE}.Release|Any CPU.Build.0 = Release|Any CPU
		{2A2E6C7F-557D-7F46-3C19-FC275A5D1FC9}.Debug|Any CPU.ActiveCfg = Debug|Any CPU
		{2A2E6C7F-557D-7F46-3C19-FC275A5D1FC9}.Debug|Any CPU.Build.0 = Debug|Any CPU
		{2A2E6C7F-557D-7F46-3C19-FC275A5D1FC9}.Release|Any CPU.ActiveCfg = Release|Any CPU
		{2A2E6C7F-557D-7F46-3C19-FC275A5D1FC9}.Release|Any CPU.Build.0 = Release|Any CPU
		{BE1209F9-E183-62E8-DCA0-5B938B4D1D6C}.Debug|Any CPU.ActiveCfg = Debug|Any CPU
		{BE1209F9-E183-62E8-DCA0-5B938B4D1D6C}.Debug|Any CPU.Build.0 = Debug|Any CPU
		{BE1209F9-E183-62E8-DCA0-5B938B4D1D6C}.Release|Any CPU.ActiveCfg = Release|Any CPU
		{BE1209F9-E183-62E8-DCA0-5B938B4D1D6C}.Release|Any CPU.Build.0 = Release|Any CPU
		{06316002-1D77-E988-9CBD-016E449A649E}.Debug|Any CPU.ActiveCfg = Debug|Any CPU
		{06316002-1D77-E988-9CBD-016E449A649E}.Debug|Any CPU.Build.0 = Debug|Any CPU
		{06316002-1D77-E988-9CBD-016E449A649E}.Release|Any CPU.ActiveCfg = Release|Any CPU
		{06316002-1D77-E988-9CBD-016E449A649E}.Release|Any CPU.Build.0 = Release|Any CPU
		{245973B9-2FFF-5DD9-4B53-482E438247D0}.Debug|Any CPU.ActiveCfg = Debug|Any CPU
		{245973B9-2FFF-5DD9-4B53-482E438247D0}.Debug|Any CPU.Build.0 = Debug|Any CPU
		{245973B9-2FFF-5DD9-4B53-482E438247D0}.Release|Any CPU.ActiveCfg = Release|Any CPU
		{245973B9-2FFF-5DD9-4B53-482E438247D0}.Release|Any CPU.Build.0 = Release|Any CPU
		{168F29BE-9812-51FB-B2A6-661861DFE5E3}.Debug|Any CPU.ActiveCfg = Debug|Any CPU
		{168F29BE-9812-51FB-B2A6-661861DFE5E3}.Debug|Any CPU.Build.0 = Debug|Any CPU
		{168F29BE-9812-51FB-B2A6-661861DFE5E3}.Release|Any CPU.ActiveCfg = Release|Any CPU
		{168F29BE-9812-51FB-B2A6-661861DFE5E3}.Release|Any CPU.Build.0 = Release|Any CPU
		{B98ADAB9-ADCA-FEED-DBFE-B8A231E2887E}.Debug|Any CPU.ActiveCfg = Debug|Any CPU
		{B98ADAB9-ADCA-FEED-DBFE-B8A231E2887E}.Debug|Any CPU.Build.0 = Debug|Any CPU
		{B98ADAB9-ADCA-FEED-DBFE-B8A231E2887E}.Release|Any CPU.ActiveCfg = Release|Any CPU
		{B98ADAB9-ADCA-FEED-DBFE-B8A231E2887E}.Release|Any CPU.Build.0 = Release|Any CPU
		{179937EC-E66C-9B31-0A0B-F90478BCEB1F}.Debug|Any CPU.ActiveCfg = Debug|Any CPU
		{179937EC-E66C-9B31-0A0B-F90478BCEB1F}.Debug|Any CPU.Build.0 = Debug|Any CPU
		{179937EC-E66C-9B31-0A0B-F90478BCEB1F}.Release|Any CPU.ActiveCfg = Release|Any CPU
		{179937EC-E66C-9B31-0A0B-F90478BCEB1F}.Release|Any CPU.Build.0 = Release|Any CPU
		{0BCB4CB8-E769-83AD-60B3-96C76E77ED9D}.Debug|Any CPU.ActiveCfg = Debug|Any CPU
		{0BCB4CB8-E769-83AD-60B3-96C76E77ED9D}.Debug|Any CPU.Build.0 = Debug|Any CPU
		{0BCB4CB8-E769-83AD-60B3-96C76E77ED9D}.Release|Any CPU.ActiveCfg = Release|Any CPU
		{0BCB4CB8-E769-83AD-60B3-96C76E77ED9D}.Release|Any CPU.Build.0 = Release|Any CPU
	EndGlobalSection
	GlobalSection(SolutionProperties) = preSolution
		HideSolutionNode = FALSE
	EndGlobalSection
	GlobalSection(MonoDevelopProperties) = preSolution
		StartupItem = Assembly-CSharp.csproj
	EndGlobalSection
EndGlobal
